
Microsoft Visual Studio Solution File, Format Version 12.00
# Visual Studio 15
VisualStudioVersion = 15.0.27703.2026
MinimumVisualStudioVersion = 10.0.40219.1
Project("{8BC9CEB8-8B4A-11D0-8D11-00A0C91BC942}") = "QuadBufferedStereo", "NativeOpenGLQBSExamples\quad-buffered-stereo\QuadBufferedStereo.vcxproj", "{5C5F8C7B-EC0D-40CD-BB7C-0AB99BD2FE18}"
EndProject
Project("{8BC9CEB8-8B4A-11D0-8D11-00A0C91BC942}") = "QBSStereo", "NativeOpenGLQBSExamples\QBSStereo\QBSStereo.vcxproj", "{1D3AF1BC-530D-442E-8AB8-42C79943DF7C}"
EndProject
Global
	GlobalSection(SolutionConfigurationPlatforms) = preSolution
		Debug|x64 = Debug|x64
		Debug|x86 = Debug|x86
		Release|x64 = Release|x64
		Release|x86 = Release|x86
	EndGlobalSection
	GlobalSection(ProjectConfigurationPlatforms) = postSolution
		{5C5F8C7B-EC0D-40CD-BB7C-0AB99BD2FE18}.Debug|x64.ActiveCfg = Debug|x64
		{5C5F8C7B-EC0D-40CD-BB7C-0AB99BD2FE18}.Debug|x64.Build.0 = Debug|x64
		{5C5F8C7B-EC0D-40CD-BB7C-0AB99BD2FE18}.Debug|x86.ActiveCfg = Debug|Win32
		{5C5F8C7B-EC0D-40CD-BB7C-0AB99BD2FE18}.Debug|x86.Build.0 = Debug|Win32
		{5C5F8C7B-EC0D-40CD-BB7C-0AB99BD2FE18}.Release|x64.ActiveCfg = Release|x64
		{5C5F8C7B-EC0D-40CD-BB7C-0AB99BD2FE18}.Release|x64.Build.0 = Release|x64
		{5C5F8C7B-EC0D-40CD-BB7C-0AB99BD2FE18}.Release|x86.ActiveCfg = Release|Win32
		{5C5F8C7B-EC0D-40CD-BB7C-0AB99BD2FE18}.Release|x86.Build.0 = Release|Win32
		{1D3AF1BC-530D-442E-8AB8-42C79943DF7C}.Debug|x64.ActiveCfg = Debug|x64
		{1D3AF1BC-530D-442E-8AB8-42C79943DF7C}.Debug|x64.Build.0 = Debug|x64
		{1D3AF1BC-530D-442E-8AB8-42C79943DF7C}.Debug|x86.ActiveCfg = Debug|Win32
		{1D3AF1BC-530D-442E-8AB8-42C79943DF7C}.Debug|x86.Build.0 = Debug|Win32
		{1D3AF1BC-530D-442E-8AB8-42C79943DF7C}.Release|x64.ActiveCfg = Release|x64
		{1D3AF1BC-530D-442E-8AB8-42C79943DF7C}.Release|x64.Build.0 = Release|x64
		{1D3AF1BC-530D-442E-8AB8-42C79943DF7C}.Release|x86.ActiveCfg = Release|Win32
		{1D3AF1BC-530D-442E-8AB8-42C79943DF7C}.Release|x86.Build.0 = Release|Win32
	EndGlobalSection
	GlobalSection(SolutionProperties) = preSolution
		HideSolutionNode = FALSE
	EndGlobalSection
	GlobalSection(ExtensibilityGlobals) = postSolution
		SolutionGuid = {DE228E75-E90B-4FDE-A361-537C5DA7C8AB}
	EndGlobalSection
EndGlobal
